
Microsoft Visual Studio Solution File, Format Version 12.00
# Visual Studio 14
VisualStudioVersion = 14.0.25420.1
MinimumVisualStudioVersion = 10.0.40219.1
Project("{FAE04EC0-301F-11D3-BF4B-00C04F79EFBC}") = "Shuttle.Abacus", "Shuttle.Abacus\Shuttle.Abacus.csproj", "{23680A60-878A-48DA-B23C-9B0EA4A29305}"
EndProject
Project("{FAE04EC0-301F-11D3-BF4B-00C04F79EFBC}") = "Shuttle.Abacus.Tests", "Shuttle.Abacus.Tests\Shuttle.Abacus.Tests.csproj", "{ABA24AFB-8E81-4E6A-A43F-F6E2234E6608}"
EndProject
Project("{FAE04EC0-301F-11D3-BF4B-00C04F79EFBC}") = "Shuttle.Abacus.Shell", "Shuttle.Abacus.UI\Shuttle.Abacus.Shell.csproj", "{BD0F8D24-6577-466A-9440-F4ADE9C5433F}"
EndProject
Project("{FAE04EC0-301F-11D3-BF4B-00C04F79EFBC}") = "Shuttle.Abacus.Server", "Shuttle.Abacus.Server\Shuttle.Abacus.Server.csproj", "{9A441793-6466-484F-A086-C1EC1198B46D}"
EndProject
Project("{FAE04EC0-301F-11D3-BF4B-00C04F79EFBC}") = "Shuttle.Abacus.Messages", "Shuttle.Abacus.Messages\Shuttle.Abacus.Messages.csproj", "{7A323D9C-E55E-4552-AAF1-E21A86009162}"
EndProject
Project("{FAE04EC0-301F-11D3-BF4B-00C04F79EFBC}") = "Shuttle.Abacus.Localisation", "Shuttle.Abacus.Localisation\Shuttle.Abacus.Localisation.csproj", "{8B8949A1-EE10-4444-B974-62C1DC5708AC}"
EndProject
Project("{FAE04EC0-301F-11D3-BF4B-00C04F79EFBC}") = "Shuttle.Abacus.Infrastructure", "Shuttle.Abacus.Infrastructure\Shuttle.Abacus.Infrastructure.csproj", "{1A365F2C-BA2B-41F0-969B-EEC08C6E2658}"
EndProject
Project("{FAE04EC0-301F-11D3-BF4B-00C04F79EFBC}") = "Shuttle.Abacus.DTO", "Shuttle.Abacus.DTO\Shuttle.Abacus.DTO.csproj", "{5CD61A6D-ABCB-4400-A113-4EF4DA4C439C}"
EndProject
Project("{00D1A9C2-B5F0-4AF3-8072-F6C62B433612}") = "Shuttle.Abacus.Database", "Shuttle.Abacus.Database\Shuttle.Abacus.Database.sqlproj", "{8ED7605D-BDD2-4E07-B36C-555EA036FD43}"
EndProject
Global
	GlobalSection(SolutionConfigurationPlatforms) = preSolution
		Debug|Any CPU = Debug|Any CPU
		Release|Any CPU = Release|Any CPU
	EndGlobalSection
	GlobalSection(ProjectConfigurationPlatforms) = postSolution
		{23680A60-878A-48DA-B23C-9B0EA4A29305}.Debug|Any CPU.ActiveCfg = Debug|Any CPU
		{23680A60-878A-48DA-B23C-9B0EA4A29305}.Debug|Any CPU.Build.0 = Debug|Any CPU
		{23680A60-878A-48DA-B23C-9B0EA4A29305}.Release|Any CPU.ActiveCfg = Release|Any CPU
		{23680A60-878A-48DA-B23C-9B0EA4A29305}.Release|Any CPU.Build.0 = Release|Any CPU
		{ABA24AFB-8E81-4E6A-A43F-F6E2234E6608}.Debug|Any CPU.ActiveCfg = Debug|Any CPU
		{ABA24AFB-8E81-4E6A-A43F-F6E2234E6608}.Debug|Any CPU.Build.0 = Debug|Any CPU
		{ABA24AFB-8E81-4E6A-A43F-F6E2234E6608}.Release|Any CPU.ActiveCfg = Release|Any CPU
		{ABA24AFB-8E81-4E6A-A43F-F6E2234E6608}.Release|Any CPU.Build.0 = Release|Any CPU
		{BD0F8D24-6577-466A-9440-F4ADE9C5433F}.Debug|Any CPU.ActiveCfg = Debug|Any CPU
		{BD0F8D24-6577-466A-9440-F4ADE9C5433F}.Debug|Any CPU.Build.0 = Debug|Any CPU
		{BD0F8D24-6577-466A-9440-F4ADE9C5433F}.Release|Any CPU.ActiveCfg = Release|Any CPU
		{BD0F8D24-6577-466A-9440-F4ADE9C5433F}.Release|Any CPU.Build.0 = Release|Any CPU
		{9A441793-6466-484F-A086-C1EC1198B46D}.Debug|Any CPU.ActiveCfg = Debug|Any CPU
		{9A441793-6466-484F-A086-C1EC1198B46D}.Debug|Any CPU.Build.0 = Debug|Any CPU
		{9A441793-6466-484F-A086-C1EC1198B46D}.Release|Any CPU.ActiveCfg = Release|Any CPU
		{9A441793-6466-484F-A086-C1EC1198B46D}.Release|Any CPU.Build.0 = Release|Any CPU
		{7A323D9C-E55E-4552-AAF1-E21A86009162}.Debug|Any CPU.ActiveCfg = Debug|Any CPU
		{7A323D9C-E55E-4552-AAF1-E21A86009162}.Debug|Any CPU.Build.0 = Debug|Any CPU
		{7A323D9C-E55E-4552-AAF1-E21A86009162}.Release|Any CPU.ActiveCfg = Release|Any CPU
		{7A323D9C-E55E-4552-AAF1-E21A86009162}.Release|Any CPU.Build.0 = Release|Any CPU
		{8B8949A1-EE10-4444-B974-62C1DC5708AC}.Debug|Any CPU.ActiveCfg = Debug|Any CPU
		{8B8949A1-EE10-4444-B974-62C1DC5708AC}.Debug|Any CPU.Build.0 = Debug|Any CPU
		{8B8949A1-EE10-4444-B974-62C1DC5708AC}.Release|Any CPU.ActiveCfg = Release|Any CPU
		{8B8949A1-EE10-4444-B974-62C1DC5708AC}.Release|Any CPU.Build.0 = Release|Any CPU
		{1A365F2C-BA2B-41F0-969B-EEC08C6E2658}.Debug|Any CPU.ActiveCfg = Debug|Any CPU
		{1A365F2C-BA2B-41F0-969B-EEC08C6E2658}.Debug|Any CPU.Build.0 = Debug|Any CPU
		{1A365F2C-BA2B-41F0-969B-EEC08C6E2658}.Release|Any CPU.ActiveCfg = Release|Any CPU
		{1A365F2C-BA2B-41F0-969B-EEC08C6E2658}.Release|Any CPU.Build.0 = Release|Any CPU
		{5CD61A6D-ABCB-4400-A113-4EF4DA4C439C}.Debug|Any CPU.ActiveCfg = Debug|Any CPU
		{5CD61A6D-ABCB-4400-A113-4EF4DA4C439C}.Debug|Any CPU.Build.0 = Debug|Any CPU
		{5CD61A6D-ABCB-4400-A113-4EF4DA4C439C}.Release|Any CPU.ActiveCfg = Release|Any CPU
		{5CD61A6D-ABCB-4400-A113-4EF4DA4C439C}.Release|Any CPU.Build.0 = Release|Any CPU
		{8ED7605D-BDD2-4E07-B36C-555EA036FD43}.Debug|Any CPU.ActiveCfg = Debug|Any CPU
		{8ED7605D-BDD2-4E07-B36C-555EA036FD43}.Debug|Any CPU.Build.0 = Debug|Any CPU
		{8ED7605D-BDD2-4E07-B36C-555EA036FD43}.Debug|Any CPU.Deploy.0 = Debug|Any CPU
		{8ED7605D-BDD2-4E07-B36C-555EA036FD43}.Release|Any CPU.ActiveCfg = Release|Any CPU
		{8ED7605D-BDD2-4E07-B36C-555EA036FD43}.Release|Any CPU.Build.0 = Release|Any CPU
		{8ED7605D-BDD2-4E07-B36C-555EA036FD43}.Release|Any CPU.Deploy.0 = Release|Any CPU
	EndGlobalSection
	GlobalSection(SolutionProperties) = preSolution
		HideSolutionNode = FALSE
	EndGlobalSection
EndGlobal
